
Microsoft Visual Studio Solution File, Format Version 12.00
# Visual Studio Version 16
VisualStudioVersion = 16.0.30413.136
MinimumVisualStudioVersion = 10.0.40219.1
Project("{8BC9CEB8-8B4A-11D0-8D11-00A0C91BC942}") = "P2_Karl_Bech_1015920", "P2_Karl_Bech_1015920\P2_Karl_Bech_1015920.vcxproj", "{AB2E511B-27CF-43CC-8DA1-6C76C94A279E}"
EndProject
Global
	GlobalSection(SolutionConfigurationPlatforms) = preSolution
		Debug|x64 = Debug|x64
		Debug|x86 = Debug|x86
		Release|x64 = Release|x64
		Release|x86 = Release|x86
	EndGlobalSection
	GlobalSection(ProjectConfigurationPlatforms) = postSolution
		{AB2E511B-27CF-43CC-8DA1-6C76C94A279E}.Debug|x64.ActiveCfg = Debug|x64
		{AB2E511B-27CF-43CC-8DA1-6C76C94A279E}.Debug|x64.Build.0 = Debug|x64
		{AB2E511B-27CF-43CC-8DA1-6C76C94A279E}.Debug|x86.ActiveCfg = Debug|Win32
		{AB2E511B-27CF-43CC-8DA1-6C76C94A279E}.Debug|x86.Build.0 = Debug|Win32
		{AB2E511B-27CF-43CC-8DA1-6C76C94A279E}.Release|x64.ActiveCfg = Release|x64
		{AB2E511B-27CF-43CC-8DA1-6C76C94A279E}.Release|x64.Build.0 = Release|x64
		{AB2E511B-27CF-43CC-8DA1-6C76C94A279E}.Release|x86.ActiveCfg = Release|Win32
		{AB2E511B-27CF-43CC-8DA1-6C76C94A279E}.Release|x86.Build.0 = Release|Win32
	EndGlobalSection
	GlobalSection(SolutionProperties) = preSolution
		HideSolutionNode = FALSE
	EndGlobalSection
	GlobalSection(ExtensibilityGlobals) = postSolution
		SolutionGuid = {B4C67D21-BBE1-4382-8A36-C1941CF893E6}
	EndGlobalSection
EndGlobal
